// !$*UTF8*$!
{
	archiveVersion = 1;
	classes = {
	};
	objectVersion = 46;
	objects = {

/* Begin PBXBuildFile section */
		418158071F43ECFD00C02BA7 /* AppDelegate.swift in Sources */ = {isa = PBXBuildFile; fileRef = 418158061F43ECFD00C02BA7 /* AppDelegate.swift */; };
		418158091F43ECFD00C02BA7 /* ViewController.swift in Sources */ = {isa = PBXBuildFile; fileRef = 418158081F43ECFD00C02BA7 /* ViewController.swift */; };
		4181580C1F43ECFD00C02BA7 /* Main.storyboard in Resources */ = {isa = PBXBuildFile; fileRef = 4181580A1F43ECFD00C02BA7 /* Main.storyboard */; };
		4181580E1F43ECFD00C02BA7 /* Assets.xcassets in Resources */ = {isa = PBXBuildFile; fileRef = 4181580D1F43ECFD00C02BA7 /* Assets.xcassets */; };
		418158111F43ECFD00C02BA7 /* LaunchScreen.storyboard in Resources */ = {isa = PBXBuildFile; fileRef = 4181580F1F43ECFD00C02BA7 /* LaunchScreen.storyboard */; };
		4181581C1F43ECFD00C02BA7 /* CrashManagerTests.swift in Sources */ = {isa = PBXBuildFile; fileRef = 4181581B1F43ECFD00C02BA7 /* CrashManagerTests.swift */; };
		418158271F43ECFD00C02BA7 /* CrashManagerUITests.swift in Sources */ = {isa = PBXBuildFile; fileRef = 418158261F43ECFD00C02BA7 /* CrashManagerUITests.swift */; };
		418158381F43ED2D00C02BA7 /* CrashManager.swift in Sources */ = {isa = PBXBuildFile; fileRef = 418158351F43ED2D00C02BA7 /* CrashManager.swift */; };
		418158391F43ED2D00C02BA7 /* crashNSExceptionManager.swift in Sources */ = {isa = PBXBuildFile; fileRef = 418158361F43ED2D00C02BA7 /* crashNSExceptionManager.swift */; };
		4181583A1F43ED2D00C02BA7 /* crashSignalManager.swift in Sources */ = {isa = PBXBuildFile; fileRef = 418158371F43ED2D00C02BA7 /* crashSignalManager.swift */; };
		41B9E3DA1F4BCC8B00A6DA3B /* SlideAdressTool.m in Sources */ = {isa = PBXBuildFile; fileRef = 41B9E3D91F4BCC8B00A6DA3B /* SlideAdressTool.m */; };
/* End PBXBuildFile section */

/* Begin PBXContainerItemProxy section */
		418158181F43ECFD00C02BA7 /* PBXContainerItemProxy */ = {
			isa = PBXContainerItemProxy;
			containerPortal = 418157FB1F43ECFD00C02BA7 /* Project object */;
			proxyType = 1;
			remoteGlobalIDString = 418158021F43ECFD00C02BA7;
			remoteInfo = CrashManager;
		};
		418158231F43ECFD00C02BA7 /* PBXContainerItemProxy */ = {
			isa = PBXContainerItemProxy;
			containerPortal = 418157FB1F43ECFD00C02BA7 /* Project object */;
			proxyType = 1;
			remoteGlobalIDString = 418158021F43ECFD00C02BA7;
			remoteInfo = CrashManager;
		};
/* End PBXContainerItemProxy section */

/* Begin PBXFileReference section */
		418158031F43ECFD00C02BA7 /* CrashManager.app */ = {isa = PBXFileReference; explicitFileType = wrapper.application; includeInIndex = 0; path = CrashManager.app; sourceTree = BUILT_PRODUCTS_DIR; };
		418158061F43ECFD00C02BA7 /* AppDelegate.swift */ = {isa = PBXFileReference; lastKnownFileType = sourcecode.swift; path = AppDelegate.swift; sourceTree = "<group>"; };
		418158081F43ECFD00C02BA7 /* ViewController.swift */ = {isa = PBXFileReference; lastKnownFileType = sourcecode.swift; path = ViewController.swift; sourceTree = "<group>"; };
		4181580B1F43ECFD00C02BA7 /* Base */ = {isa = PBXFileReference; lastKnownFileType = file.storyboard; name = Base; path = Base.lproj/Main.storyboard; sourceTree = "<group>"; };
		4181580D1F43ECFD00C02BA7 /* Assets.xcassets */ = {isa = PBXFileReference; lastKnownFileType = folder.assetcatalog; path = Assets.xcassets; sourceTree = "<group>"; };
		418158101F43ECFD00C02BA7 /* Base */ = {isa = PBXFileReference; lastKnownFileType = file.storyboard; name = Base; path = Base.lproj/LaunchScreen.storyboard; sourceTree = "<group>"; };
		418158121F43ECFD00C02BA7 /* Info.plist */ = {isa = PBXFileReference; lastKnownFileType = text.plist.xml; path = Info.plist; sourceTree = "<group>"; };
		418158171F43ECFD00C02BA7 /* CrashManagerTests.xctest */ = {isa = PBXFileReference; explicitFileType = wrapper.cfbundle; includeInIndex = 0; path = CrashManagerTests.xctest; sourceTree = BUILT_PRODUCTS_DIR; };
		4181581B1F43ECFD00C02BA7 /* CrashManagerTests.swift */ = {isa = PBXFileReference; lastKnownFileType = sourcecode.swift; path = CrashManagerTests.swift; sourceTree = "<group>"; };
		4181581D1F43ECFD00C02BA7 /* Info.plist */ = {isa = PBXFileReference; lastKnownFileType = text.plist.xml; path = Info.plist; sourceTree = "<group>"; };
		418158221F43ECFD00C02BA7 /* CrashManagerUITests.xctest */ = {isa = PBXFileReference; explicitFileType = wrapper.cfbundle; includeInIndex = 0; path = CrashManagerUITests.xctest; sourceTree = BUILT_PRODUCTS_DIR; };
		418158261F43ECFD00C02BA7 /* CrashManagerUITests.swift */ = {isa = PBXFileReference; lastKnownFileType = sourcecode.swift; path = CrashManagerUITests.swift; sourceTree = "<group>"; };
		418158281F43ECFD00C02BA7 /* Info.plist */ = {isa = PBXFileReference; lastKnownFileType = text.plist.xml; path = Info.plist; sourceTree = "<group>"; };
		418158351F43ED2D00C02BA7 /* CrashManager.swift */ = {isa = PBXFileReference; fileEncoding = 4; lastKnownFileType = sourcecode.swift; path = CrashManager.swift; sourceTree = "<group>"; };
		418158361F43ED2D00C02BA7 /* crashNSExceptionManager.swift */ = {isa = PBXFileReference; fileEncoding = 4; lastKnownFileType = sourcecode.swift; path = crashNSExceptionManager.swift; sourceTree = "<group>"; };
		418158371F43ED2D00C02BA7 /* crashSignalManager.swift */ = {isa = PBXFileReference; fileEncoding = 4; lastKnownFileType = sourcecode.swift; path = crashSignalManager.swift; sourceTree = "<group>"; };
		418FB4351F45409900BD4443 /* MessageUI.framework */ = {isa = PBXFileReference; lastKnownFileType = wrapper.framework; name = MessageUI.framework; path = System/Library/Frameworks/MessageUI.framework; sourceTree = SDKROOT; };
		41B9E3D81F4BCC8B00A6DA3B /* SlideAdressTool.h */ = {isa = PBXFileReference; fileEncoding = 4; lastKnownFileType = sourcecode.c.h; path = SlideAdressTool.h; sourceTree = "<group>"; };
		41B9E3D91F4BCC8B00A6DA3B /* SlideAdressTool.m */ = {isa = PBXFileReference; fileEncoding = 4; lastKnownFileType = sourcecode.c.objc; path = SlideAdressTool.m; sourceTree = "<group>"; };
		41B9E3DB1F4BCEEF00A6DA3B /* CrashManager_Bridging_Header.h */ = {isa = PBXFileReference; lastKnownFileType = sourcecode.c.h; path = CrashManager_Bridging_Header.h; sourceTree = "<group>"; };
/* End PBXFileReference section */

/* Begin PBXFrameworksBuildPhase section */
		418158001F43ECFD00C02BA7 /* Frameworks */ = {
			isa = PBXFrameworksBuildPhase;
			buildActionMask = 2147483647;
			files = (
			);
			runOnlyForDeploymentPostprocessing = 0;
		};
		418158141F43ECFD00C02BA7 /* Frameworks */ = {
			isa = PBXFrameworksBuildPhase;
			buildActionMask = 2147483647;
			files = (
			);
			runOnlyForDeploymentPostprocessing = 0;
		};
		4181581F1F43ECFD00C02BA7 /* Frameworks */ = {
			isa = PBXFrameworksBuildPhase;
			buildActionMask = 2147483647;
			files = (
			);
			runOnlyForDeploymentPostprocessing = 0;
		};
/* End PBXFrameworksBuildPhase section */

/* Begin PBXGroup section */
		418157FA1F43ECFD00C02BA7 = {
			isa = PBXGroup;
			children = (
				418158051F43ECFD00C02BA7 /* CrashManager */,
				4181581A1F43ECFD00C02BA7 /* CrashManagerTests */,
				418158251F43ECFD00C02BA7 /* CrashManagerUITests */,
				418158041F43ECFD00C02BA7 /* Products */,
				418FB4341F45409800BD4443 /* Frameworks */,
			);
			sourceTree = "<group>";
		};
		418158041F43ECFD00C02BA7 /* Products */ = {
			isa = PBXGroup;
			children = (
				418158031F43ECFD00C02BA7 /* CrashManager.app */,
				418158171F43ECFD00C02BA7 /* CrashManagerTests.xctest */,
				418158221F43ECFD00C02BA7 /* CrashManagerUITests.xctest */,
			);
			name = Products;
			sourceTree = "<group>";
		};
		418158051F43ECFD00C02BA7 /* CrashManager */ = {
			isa = PBXGroup;
			children = (
				418158341F43ED2D00C02BA7 /* CrashManager */,
				418158061F43ECFD00C02BA7 /* AppDelegate.swift */,
				418158081F43ECFD00C02BA7 /* ViewController.swift */,
				41B9E3DB1F4BCEEF00A6DA3B /* CrashManager_Bridging_Header.h */,
				4181580A1F43ECFD00C02BA7 /* Main.storyboard */,
				4181580D1F43ECFD00C02BA7 /* Assets.xcassets */,
				4181580F1F43ECFD00C02BA7 /* LaunchScreen.storyboard */,
				418158121F43ECFD00C02BA7 /* Info.plist */,
			);
			path = CrashManager;
			sourceTree = "<group>";
		};
		4181581A1F43ECFD00C02BA7 /* CrashManagerTests */ = {
			isa = PBXGroup;
			children = (
				4181581B1F43ECFD00C02BA7 /* CrashManagerTests.swift */,
				4181581D1F43ECFD00C02BA7 /* Info.plist */,
			);
			path = CrashManagerTests;
			sourceTree = "<group>";
		};
		418158251F43ECFD00C02BA7 /* CrashManagerUITests */ = {
			isa = PBXGroup;
			children = (
				418158261F43ECFD00C02BA7 /* CrashManagerUITests.swift */,
				418158281F43ECFD00C02BA7 /* Info.plist */,
			);
			path = CrashManagerUITests;
			sourceTree = "<group>";
		};
		418158341F43ED2D00C02BA7 /* CrashManager */ = {
			isa = PBXGroup;
			children = (
				41B9E3D81F4BCC8B00A6DA3B /* SlideAdressTool.h */,
				41B9E3D91F4BCC8B00A6DA3B /* SlideAdressTool.m */,
				418158351F43ED2D00C02BA7 /* CrashManager.swift */,
				418158361F43ED2D00C02BA7 /* crashNSExceptionManager.swift */,
				418158371F43ED2D00C02BA7 /* crashSignalManager.swift */,
			);
			path = CrashManager;
			sourceTree = "<group>";
		};
		418FB4341F45409800BD4443 /* Frameworks */ = {
			isa = PBXGroup;
			children = (
				418FB4351F45409900BD4443 /* MessageUI.framework */,
			);
			name = Frameworks;
			sourceTree = "<group>";
		};
/* End PBXGroup section */

/* Begin PBXNativeTarget section */
		418158021F43ECFD00C02BA7 /* CrashManager */ = {
			isa = PBXNativeTarget;
			buildConfigurationList = 4181582B1F43ECFD00C02BA7 /* Build configuration list for PBXNativeTarget "CrashManager" */;
			buildPhases = (
				418157FF1F43ECFD00C02BA7 /* Sources */,
				418158001F43ECFD00C02BA7 /* Frameworks */,
				418158011F43ECFD00C02BA7 /* Resources */,
			);
			buildRules = (
			);
			dependencies = (
			);
			name = CrashManager;
			productName = CrashManager;
			productReference = 418158031F43ECFD00C02BA7 /* CrashManager.app */;
			productType = "com.apple.product-type.application";
		};
		418158161F43ECFD00C02BA7 /* CrashManagerTests */ = {
			isa = PBXNativeTarget;
			buildConfigurationList = 4181582E1F43ECFD00C02BA7 /* Build configuration list for PBXNativeTarget "CrashManagerTests" */;
			buildPhases = (
				418158131F43ECFD00C02BA7 /* Sources */,
				418158141F43ECFD00C02BA7 /* Frameworks */,
				418158151F43ECFD00C02BA7 /* Resources */,
			);
			buildRules = (
			);
			dependencies = (
				418158191F43ECFD00C02BA7 /* PBXTargetDependency */,
			);
			name = CrashManagerTests;
			productName = CrashManagerTests;
			productReference = 418158171F43ECFD00C02BA7 /* CrashManagerTests.xctest */;
			productType = "com.apple.product-type.bundle.unit-test";
		};
		418158211F43ECFD00C02BA7 /* CrashManagerUITests */ = {
			isa = PBXNativeTarget;
			buildConfigurationList = 418158311F43ECFD00C02BA7 /* Build configuration list for PBXNativeTarget "CrashManagerUITests" */;
			buildPhases = (
				4181581E1F43ECFD00C02BA7 /* Sources */,
				4181581F1F43ECFD00C02BA7 /* Frameworks */,
				418158201F43ECFD00C02BA7 /* Resources */,
			);
			buildRules = (
			);
			dependencies = (
				418158241F43ECFD00C02BA7 /* PBXTargetDependency */,
			);
			name = CrashManagerUITests;
			productName = CrashManagerUITests;
			productReference = 418158221F43ECFD00C02BA7 /* CrashManagerUITests.xctest */;
			productType = "com.apple.product-type.bundle.ui-testing";
		};
/* End PBXNativeTarget section */

/* Begin PBXProject section */
		418157FB1F43ECFD00C02BA7 /* Project object */ = {
			isa = PBXProject;
			attributes = {
				LastSwiftUpdateCheck = 0830;
				LastUpgradeCheck = 0830;
				ORGANIZATIONNAME = xiaoyi;
				TargetAttributes = {
					418158021F43ECFD00C02BA7 = {
						CreatedOnToolsVersion = 8.3.2;
						DevelopmentTeam = HUV9FHB9EV;
						ProvisioningStyle = Automatic;
					};
					418158161F43ECFD00C02BA7 = {
						CreatedOnToolsVersion = 8.3.2;
						DevelopmentTeam = 42QJKZ7N27;
						ProvisioningStyle = Automatic;
						TestTargetID = 418158021F43ECFD00C02BA7;
					};
					418158211F43ECFD00C02BA7 = {
						CreatedOnToolsVersion = 8.3.2;
						DevelopmentTeam = 42QJKZ7N27;
						ProvisioningStyle = Automatic;
						TestTargetID = 418158021F43ECFD00C02BA7;
					};
				};
			};
			buildConfigurationList = 418157FE1F43ECFD00C02BA7 /* Build configuration list for PBXProject "CrashManager" */;
			compatibilityVersion = "Xcode 3.2";
			developmentRegion = English;
			hasScannedForEncodings = 0;
			knownRegions = (
				en,
				Base,
			);
			mainGroup = 418157FA1F43ECFD00C02BA7;
			productRefGroup = 418158041F43ECFD00C02BA7 /* Products */;
			projectDirPath = "";
			projectRoot = "";
			targets = (
				418158021F43ECFD00C02BA7 /* CrashManager */,
				418158161F43ECFD00C02BA7 /* CrashManagerTests */,
				418158211F43ECFD00C02BA7 /* CrashManagerUITests */,
			);
		};
/* End PBXProject section */

/* Begin PBXResourcesBuildPhase section */
		418158011F43ECFD00C02BA7 /* Resources */ = {
			isa = PBXResourcesBuildPhase;
			buildActionMask = 2147483647;
			files = (
				418158111F43ECFD00C02BA7 /* LaunchScreen.storyboard in Resources */,
				4181580E1F43ECFD00C02BA7 /* Assets.xcassets in Resources */,
				4181580C1F43ECFD00C02BA7 /* Main.storyboard in Resources */,
			);
			runOnlyForDeploymentPostprocessing = 0;
		};
		418158151F43ECFD00C02BA7 /* Resources */ = {
			isa = PBXResourcesBuildPhase;
			buildActionMask = 2147483647;
			files = (
			);
			runOnlyForDeploymentPostprocessing = 0;
		};
		418158201F43ECFD00C02BA7 /* Resources */ = {
			isa = PBXResourcesBuildPhase;
			buildActionMask = 2147483647;
			files = (
			);
			runOnlyForDeploymentPostprocessing = 0;
		};
/* End PBXResourcesBuildPhase section */

/* Begin PBXSourcesBuildPhase section */
		418157FF1F43ECFD00C02BA7 /* Sources */ = {
			isa = PBXSourcesBuildPhase;
			buildActionMask = 2147483647;
			files = (
				4181583A1F43ED2D00C02BA7 /* crashSignalManager.swift in Sources */,
				41B9E3DA1F4BCC8B00A6DA3B /* SlideAdressTool.m in Sources */,
				418158391F43ED2D00C02BA7 /* crashNSExceptionManager.swift in Sources */,
				418158091F43ECFD00C02BA7 /* ViewController.swift in Sources */,
				418158381F43ED2D00C02BA7 /* CrashManager.swift in Sources */,
				418158071F43ECFD00C02BA7 /* AppDelegate.swift in Sources */,
			);
			runOnlyForDeploymentPostprocessing = 0;
		};
		418158131F43ECFD00C02BA7 /* Sources */ = {
			isa = PBXSourcesBuildPhase;
			buildActionMask = 2147483647;
			files = (
				4181581C1F43ECFD00C02BA7 /* CrashManagerTests.swift in Sources */,
			);
			runOnlyForDeploymentPostprocessing = 0;
		};
		4181581E1F43ECFD00C02BA7 /* Sources */ = {
			isa = PBXSourcesBuildPhase;
			buildActionMask = 2147483647;
			files = (
				418158271F43ECFD00C02BA7 /* CrashManagerUITests.swift in Sources */,
			);
			runOnlyForDeploymentPostprocessing = 0;
		};
/* End PBXSourcesBuildPhase section */

/* Begin PBXTargetDependency section */
		418158191F43ECFD00C02BA7 /* PBXTargetDependency */ = {
			isa = PBXTargetDependency;
			target = 418158021F43ECFD00C02BA7 /* CrashManager */;
			targetProxy = 418158181F43ECFD00C02BA7 /* PBXContainerItemProxy */;
		};
		418158241F43ECFD00C02BA7 /* PBXTargetDependency */ = {
			isa = PBXTargetDependency;
			target = 418158021F43ECFD00C02BA7 /* CrashManager */;
			targetProxy = 418158231F43ECFD00C02BA7 /* PBXContainerItemProxy */;
		};
/* End PBXTargetDependency section */

/* Begin PBXVariantGroup section */
		4181580A1F43ECFD00C02BA7 /* Main.storyboard */ = {
			isa = PBXVariantGroup;
			children = (
				4181580B1F43ECFD00C02BA7 /* Base */,
			);
			name = Main.storyboard;
			sourceTree = "<group>";
		};
		4181580F1F43ECFD00C02BA7 /* LaunchScreen.storyboard */ = {
			isa = PBXVariantGroup;
			children = (
				418158101F43ECFD00C02BA7 /* Base */,
			);
			name = LaunchScreen.storyboard;
			sourceTree = "<group>";
		};
/* End PBXVariantGroup section */

/* Begin XCBuildConfiguration section */
		418158291F43ECFD00C02BA7 /* Debug */ = {
			isa = XCBuildConfiguration;
			buildSettings = {
				ALWAYS_SEARCH_USER_PATHS = NO;
				CLANG_ANALYZER_NONNULL = YES;
				CLANG_ANALYZER_NUMBER_OBJECT_CONVERSION = YES_AGGRESSIVE;
				CLANG_CXX_LANGUAGE_STANDARD = "gnu++0x";
				CLANG_CXX_LIBRARY = "libc++";
				CLANG_ENABLE_MODULES = YES;
				CLANG_ENABLE_OBJC_ARC = YES;
				CLANG_WARN_BOOL_CONVERSION = YES;
				CLANG_WARN_CONSTANT_CONVERSION = YES;
				CLANG_WARN_DIRECT_OBJC_ISA_USAGE = YES_ERROR;
				CLANG_WARN_DOCUMENTATION_COMMENTS = YES;
				CLANG_WARN_EMPTY_BODY = YES;
				CLANG_WARN_ENUM_CONVERSION = YES;
				CLANG_WARN_INFINITE_RECURSION = YES;
				CLANG_WARN_INT_CONVERSION = YES;
				CLANG_WARN_OBJC_ROOT_CLASS = YES_ERROR;
				CLANG_WARN_SUSPICIOUS_MOVE = YES;
				CLANG_WARN_UNREACHABLE_CODE = YES;
				CLANG_WARN__DUPLICATE_METHOD_MATCH = YES;
				"CODE_SIGN_IDENTITY[sdk=iphoneos*]" = "iPhone Developer";
				COPY_PHASE_STRIP = NO;
				DEBUG_INFORMATION_FORMAT = dwarf;
				ENABLE_STRICT_OBJC_MSGSEND = YES;
				ENABLE_TESTABILITY = YES;
				GCC_C_LANGUAGE_STANDARD = gnu99;
				GCC_DYNAMIC_NO_PIC = NO;
				GCC_NO_COMMON_BLOCKS = YES;
				GCC_OPTIMIZATION_LEVEL = 0;
				GCC_PREPROCESSOR_DEFINITIONS = (
					"DEBUG=1",
					"$(inherited)",
				);
				GCC_WARN_64_TO_32_BIT_CONVERSION = YES;
				GCC_WARN_ABOUT_RETURN_TYPE = YES_ERROR;
				GCC_WARN_UNDECLARED_SELECTOR = YES;
				GCC_WARN_UNINITIALIZED_AUTOS = YES_AGGRESSIVE;
				GCC_WARN_UNUSED_FUNCTION = YES;
				GCC_WARN_UNUSED_VARIABLE = YES;
				IPHONEOS_DEPLOYMENT_TARGET = 10.3;
				MTL_ENABLE_DEBUG_INFO = YES;
				ONLY_ACTIVE_ARCH = YES;
				SDKROOT = iphoneos;
				SWIFT_ACTIVE_COMPILATION_CONDITIONS = DEBUG;
				SWIFT_OPTIMIZATION_LEVEL = "-Onone";
			};
			name = Debug;
		};
		4181582A1F43ECFD00C02BA7 /* Release */ = {
			isa = XCBuildConfiguration;
			buildSettings = {
				ALWAYS_SEARCH_USER_PATHS = NO;
				CLANG_ANALYZER_NONNULL = YES;
				CLANG_ANALYZER_NUMBER_OBJECT_CONVERSION = YES_AGGRESSIVE;
				CLANG_CXX_LANGUAGE_STANDARD = "gnu++0x";
				CLANG_CXX_LIBRARY = "libc++";
				CLANG_ENABLE_MODULES = YES;
				CLANG_ENABLE_OBJC_ARC = YES;
				CLANG_WARN_BOOL_CONVERSION = YES;
				CLANG_WARN_CONSTANT_CONVERSION = YES;
				CLANG_WARN_DIRECT_OBJC_ISA_USAGE = YES_ERROR;
				CLANG_WARN_DOCUMENTATION_COMMENTS = YES;
				CLANG_WARN_EMPTY_BODY = YES;
				CLANG_WARN_ENUM_CONVERSION = YES;
				CLANG_WARN_INFINITE_RECURSION = YES;
				CLANG_WARN_INT_CONVERSION = YES;
				CLANG_WARN_OBJC_ROOT_CLASS = YES_ERROR;
				CLANG_WARN_SUSPICIOUS_MOVE = YES;
				CLANG_WARN_UNREACHABLE_CODE = YES;
				CLANG_WARN__DUPLICATE_METHOD_MATCH = YES;
				"CODE_SIGN_IDENTITY[sdk=iphoneos*]" = "iPhone Developer";
				COPY_PHASE_STRIP = NO;
				DEBUG_INFORMATION_FORMAT = "dwarf-with-dsym";
				ENABLE_NS_ASSERTIONS = NO;
				ENABLE_STRICT_OBJC_MSGSEND = YES;
				GCC_C_LANGUAGE_STANDARD = gnu99;
				GCC_NO_COMMON_BLOCKS = YES;
				GCC_WARN_64_TO_32_BIT_CONVERSION = YES;
				GCC_WARN_ABOUT_RETURN_TYPE = YES_ERROR;
				GCC_WARN_UNDECLARED_SELECTOR = YES;
				GCC_WARN_UNINITIALIZED_AUTOS = YES_AGGRESSIVE;
				GCC_WARN_UNUSED_FUNCTION = YES;
				GCC_WARN_UNUSED_VARIABLE = YES;
				IPHONEOS_DEPLOYMENT_TARGET = 10.3;
				MTL_ENABLE_DEBUG_INFO = NO;
				SDKROOT = iphoneos;
				SWIFT_OPTIMIZATION_LEVEL = "-Owholemodule";
				VALIDATE_PRODUCT = YES;
			};
			name = Release;
		};
		4181582C1F43ECFD00C02BA7 /* Debug */ = {
			isa = XCBuildConfiguration;
			buildSettings = {
				ASSETCATALOG_COMPILER_APPICON_NAME = AppIcon;
				DEVELOPMENT_TEAM = HUV9FHB9EV;
				INFOPLIST_FILE = CrashManager/Info.plist;
				LD_RUNPATH_SEARCH_PATHS = "$(inherited) @executable_path/Frameworks";
				PRODUCT_BUNDLE_IDENTIFIER = xiaoyi.CrashManager;
				PRODUCT_NAME = "$(TARGET_NAME)";
				SWIFT_OBJC_BRIDGING_HEADER = "${SRCROOT}/CrashManager/CrashManager_Bridging_Header.h";
				SWIFT_VERSION = 3.0;
			};
			name = Debug;
		};
		4181582D1F43ECFD00C02BA7 /* Release */ = {
			isa = XCBuildConfiguration;
			buildSettings = {
				ASSETCATALOG_COMPILER_APPICON_NAME = AppIcon;
				DEVELOPMENT_TEAM = HUV9FHB9EV;
				INFOPLIST_FILE = CrashManager/Info.plist;
				LD_RUNPATH_SEARCH_PATHS = "$(inherited) @executable_path/Frameworks";
				PRODUCT_BUNDLE_IDENTIFIER = xiaoyi.CrashManager;
				PRODUCT_NAME = "$(TARGET_NAME)";
				SWIFT_OBJC_BRIDGING_HEADER = "${SRCROOT}/CrashManager/CrashManager_Bridging_Header.h";
				SWIFT_VERSION = 3.0;
			};
			name = Release;
		};
		4181582F1F43ECFD00C02BA7 /* Debug */ = {
			isa = XCBuildConfiguration;
			buildSettings = {
				ALWAYS_EMBED_SWIFT_STANDARD_LIBRARIES = YES;
				BUNDLE_LOADER = "$(TEST_HOST)";
				DEVELOPMENT_TEAM = 42QJKZ7N27;
				INFOPLIST_FILE = CrashManagerTests/Info.plist;
				LD_RUNPATH_SEARCH_PATHS = "$(inherited) @executable_path/Frameworks @loader_path/Frameworks";
				PRODUCT_BUNDLE_IDENTIFIER = xiaoyi.CrashManagerTests;
				PRODUCT_NAME = "$(TARGET_NAME)";
				SWIFT_VERSION = 3.0;
				TEST_HOST = "$(BUILT_PRODUCTS_DIR)/CrashManager.app/CrashManager";
			};
			name = Debug;
		};
		418158301F43ECFD00C02BA7 /* Release */ = {
			isa = XCBuildConfiguration;
			buildSettings = {
				ALWAYS_EMBED_SWIFT_STANDARD_LIBRARIES = YES;
				BUNDLE_LOADER = "$(TEST_HOST)";
				DEVELOPMENT_TEAM = 42QJKZ7N27;
				INFOPLIST_FILE = CrashManagerTests/Info.plist;
				LD_RUNPATH_SEARCH_PATHS = "$(inherited) @executable_path/Frameworks @loader_path/Frameworks";
				PRODUCT_BUNDLE_IDENTIFIER = xiaoyi.CrashManagerTests;
				PRODUCT_NAME = "$(TARGET_NAME)";
				SWIFT_VERSION = 3.0;
				TEST_HOST = "$(BUILT_PRODUCTS_DIR)/CrashManager.app/CrashManager";
			};
			name = Release;
		};
		418158321F43ECFD00C02BA7 /* Debug */ = {
			isa = XCBuildConfiguration;
			buildSettings = {
				ALWAYS_EMBED_SWIFT_STANDARD_LIBRARIES = YES;
				DEVELOPMENT_TEAM = 42QJKZ7N27;
				INFOPLIST_FILE = CrashManagerUITests/Info.plist;
				LD_RUNPATH_SEARCH_PATHS = "$(inherited) @executable_path/Frameworks @loader_path/Frameworks";
				PRODUCT_BUNDLE_IDENTIFIER = xiaoyi.CrashManagerUITests;
				PRODUCT_NAME = "$(TARGET_NAME)";
				SWIFT_VERSION = 3.0;
				TEST_TARGET_NAME = CrashManager;
			};
			name = Debug;
		};
		418158331F43ECFD00C02BA7 /* Release */ = {
			isa = XCBuildConfiguration;
			buildSettings = {
				ALWAYS_EMBED_SWIFT_STANDARD_LIBRARIES = YES;
				DEVELOPMENT_TEAM = 42QJKZ7N27;
				INFOPLIST_FILE = CrashManagerUITests/Info.plist;
				LD_RUNPATH_SEARCH_PATHS = "$(inherited) @executable_path/Frameworks @loader_path/Frameworks";
				PRODUCT_BUNDLE_IDENTIFIER = xiaoyi.CrashManagerUITests;
				PRODUCT_NAME = "$(TARGET_NAME)";
				SWIFT_VERSION = 3.0;
				TEST_TARGET_NAME = CrashManager;
			};
			name = Release;
		};
/* End XCBuildConfiguration section */

/* Begin XCConfigurationList section */
		418157FE1F43ECFD00C02BA7 /* Build configuration list for PBXProject "CrashManager" */ = {
			isa = XCConfigurationList;
			buildConfigurations = (
				418158291F43ECFD00C02BA7 /* Debug */,
				4181582A1F43ECFD00C02BA7 /* Release */,
			);
			defaultConfigurationIsVisible = 0;
			defaultConfigurationName = Release;
		};
		4181582B1F43ECFD00C02BA7 /* Build configuration list for PBXNativeTarget "CrashManager" */ = {
			isa = XCConfigurationList;
			buildConfigurations = (
				4181582C1F43ECFD00C02BA7 /* Debug */,
				4181582D1F43ECFD00C02BA7 /* Release */,
			);
			defaultConfigurationIsVisible = 0;
			defaultConfigurationName = Release;
		};
		4181582E1F43ECFD00C02BA7 /* Build configuration list for PBXNativeTarget "CrashManagerTests" */ = {
			isa = XCConfigurationList;
			buildConfigurations = (
				4181582F1F43ECFD00C02BA7 /* Debug */,
				418158301F43ECFD00C02BA7 /* Release */,
			);
			defaultConfigurationIsVisible = 0;
			defaultConfigurationName = Release;
		};
		418158311F43ECFD00C02BA7 /* Build configuration list for PBXNativeTarget "CrashManagerUITests" */ = {
			isa = XCConfigurationList;
			buildConfigurations = (
				418158321F43ECFD00C02BA7 /* Debug */,
				418158331F43ECFD00C02BA7 /* Release */,
			);
			defaultConfigurationIsVisible = 0;
			defaultConfigurationName = Release;
		};
/* End XCConfigurationList section */
	};
	rootObject = 418157FB1F43ECFD00C02BA7 /* Project object */;
}
